
Microsoft Visual Studio Solution File, Format Version 12.00
# Visual Studio 15
VisualStudioVersion = 15.0.26730.16
MinimumVisualStudioVersion = 10.0.40219.1
Project("{8BC9CEB8-8B4A-11D0-8D11-00A0C91BC942}") = "Sapfor", "Sapfor\Sapfor.vcxproj", "{2BB42B16-B8E4-4C9E-896A-040466B7AAF2}"
	ProjectSection(ProjectDependencies) = postProject
		{D12CD83D-ECA1-4868-9C89-8C60F2BB9B24} = {D12CD83D-ECA1-4868-9C89-8C60F2BB9B24}
		{E654E155-F159-449B-9338-BC4F8E83DD65} = {E654E155-F159-449B-9338-BC4F8E83DD65}
		{D6927080-409C-4A52-AB0F-A83B3697E79B} = {D6927080-409C-4A52-AB0F-A83B3697E79B}
	EndProjectSection
EndProject
Project("{8BC9CEB8-8B4A-11D0-8D11-00A0C91BC942}") = "SageNewSrc", "SageNewSrc\SageNewSrc.vcxproj", "{D6927080-409C-4A52-AB0F-A83B3697E79B}"
EndProject
Project("{8BC9CEB8-8B4A-11D0-8D11-00A0C91BC942}") = "SageOldSrc", "SageOldSrc\SageOldSrc.vcxproj", "{D12CD83D-ECA1-4868-9C89-8C60F2BB9B24}"
EndProject
Project("{8BC9CEB8-8B4A-11D0-8D11-00A0C91BC942}") = "SageLib", "SageLib\SageLib.vcxproj", "{E654E155-F159-449B-9338-BC4F8E83DD65}"
EndProject
Project("{8BC9CEB8-8B4A-11D0-8D11-00A0C91BC942}") = "Parser", "Parser\Parser.vcxproj", "{7008A713-D146-4C63-9C7E-65DD06F552C5}"
	ProjectSection(ProjectDependencies) = postProject
		{D12CD83D-ECA1-4868-9C89-8C60F2BB9B24} = {D12CD83D-ECA1-4868-9C89-8C60F2BB9B24}
	EndProjectSection
EndProject
Project("{8BC9CEB8-8B4A-11D0-8D11-00A0C91BC942}") = "Inliner", "Inliner\Inliner.vcxproj", "{22845BC7-A803-4149-B9B0-D27A5463EB94}"
	ProjectSection(ProjectDependencies) = postProject
		{D12CD83D-ECA1-4868-9C89-8C60F2BB9B24} = {D12CD83D-ECA1-4868-9C89-8C60F2BB9B24}
		{E654E155-F159-449B-9338-BC4F8E83DD65} = {E654E155-F159-449B-9338-BC4F8E83DD65}
		{D6927080-409C-4A52-AB0F-A83B3697E79B} = {D6927080-409C-4A52-AB0F-A83B3697E79B}
	EndProjectSection
EndProject
Global
	GlobalSection(SolutionConfigurationPlatforms) = preSolution
		Debug|x64 = Debug|x64
		Debug|x86 = Debug|x86
		Release|x64 = Release|x64
		Release|x86 = Release|x86
		VisRun|x64 = VisRun|x64
		VisRun|x86 = VisRun|x86
	EndGlobalSection
	GlobalSection(ProjectConfigurationPlatforms) = postSolution
		{2BB42B16-B8E4-4C9E-896A-040466B7AAF2}.Debug|x64.ActiveCfg = Debug|x64
		{2BB42B16-B8E4-4C9E-896A-040466B7AAF2}.Debug|x64.Build.0 = Debug|x64
		{2BB42B16-B8E4-4C9E-896A-040466B7AAF2}.Debug|x86.ActiveCfg = Debug|Win32
		{2BB42B16-B8E4-4C9E-896A-040466B7AAF2}.Debug|x86.Build.0 = Debug|Win32
		{2BB42B16-B8E4-4C9E-896A-040466B7AAF2}.Release|x64.ActiveCfg = Release|x64
		{2BB42B16-B8E4-4C9E-896A-040466B7AAF2}.Release|x64.Build.0 = Release|x64
		{2BB42B16-B8E4-4C9E-896A-040466B7AAF2}.Release|x86.ActiveCfg = Release|Win32
		{2BB42B16-B8E4-4C9E-896A-040466B7AAF2}.Release|x86.Build.0 = Release|Win32
		{2BB42B16-B8E4-4C9E-896A-040466B7AAF2}.VisRun|x64.ActiveCfg = Release_Vis|x64
		{2BB42B16-B8E4-4C9E-896A-040466B7AAF2}.VisRun|x64.Build.0 = Release_Vis|x64
		{2BB42B16-B8E4-4C9E-896A-040466B7AAF2}.VisRun|x86.ActiveCfg = Release_Vis|Win32
		{2BB42B16-B8E4-4C9E-896A-040466B7AAF2}.VisRun|x86.Build.0 = Release_Vis|Win32
		{D6927080-409C-4A52-AB0F-A83B3697E79B}.Debug|x64.ActiveCfg = Debug|x64
		{D6927080-409C-4A52-AB0F-A83B3697E79B}.Debug|x64.Build.0 = Debug|x64
		{D6927080-409C-4A52-AB0F-A83B3697E79B}.Debug|x86.ActiveCfg = Debug|Win32
		{D6927080-409C-4A52-AB0F-A83B3697E79B}.Debug|x86.Build.0 = Debug|Win32
		{D6927080-409C-4A52-AB0F-A83B3697E79B}.Release|x64.ActiveCfg = Release|x64
		{D6927080-409C-4A52-AB0F-A83B3697E79B}.Release|x64.Build.0 = Release|x64
		{D6927080-409C-4A52-AB0F-A83B3697E79B}.Release|x86.ActiveCfg = Release|Win32
		{D6927080-409C-4A52-AB0F-A83B3697E79B}.Release|x86.Build.0 = Release|Win32
		{D6927080-409C-4A52-AB0F-A83B3697E79B}.VisRun|x64.ActiveCfg = Release_Vis|x64
		{D6927080-409C-4A52-AB0F-A83B3697E79B}.VisRun|x64.Build.0 = Release_Vis|x64
		{D6927080-409C-4A52-AB0F-A83B3697E79B}.VisRun|x86.ActiveCfg = Release_Vis|Win32
		{D6927080-409C-4A52-AB0F-A83B3697E79B}.VisRun|x86.Build.0 = Release_Vis|Win32
		{D12CD83D-ECA1-4868-9C89-8C60F2BB9B24}.Debug|x64.ActiveCfg = Debug|x64
		{D12CD83D-ECA1-4868-9C89-8C60F2BB9B24}.Debug|x64.Build.0 = Debug|x64
		{D12CD83D-ECA1-4868-9C89-8C60F2BB9B24}.Debug|x86.ActiveCfg = Debug|Win32
		{D12CD83D-ECA1-4868-9C89-8C60F2BB9B24}.Debug|x86.Build.0 = Debug|Win32
		{D12CD83D-ECA1-4868-9C89-8C60F2BB9B24}.Release|x64.ActiveCfg = Release|x64
		{D12CD83D-ECA1-4868-9C89-8C60F2BB9B24}.Release|x64.Build.0 = Release|x64
		{D12CD83D-ECA1-4868-9C89-8C60F2BB9B24}.Release|x86.ActiveCfg = Release|Win32
		{D12CD83D-ECA1-4868-9C89-8C60F2BB9B24}.Release|x86.Build.0 = Release|Win32
		{D12CD83D-ECA1-4868-9C89-8C60F2BB9B24}.VisRun|x64.ActiveCfg = Release_Vis|x64
		{D12CD83D-ECA1-4868-9C89-8C60F2BB9B24}.VisRun|x64.Build.0 = Release_Vis|x64
		{D12CD83D-ECA1-4868-9C89-8C60F2BB9B24}.VisRun|x86.ActiveCfg = Release_Vis|Win32
		{D12CD83D-ECA1-4868-9C89-8C60F2BB9B24}.VisRun|x86.Build.0 = Release_Vis|Win32
		{E654E155-F159-449B-9338-BC4F8E83DD65}.Debug|x64.ActiveCfg = Debug|x64
		{E654E155-F159-449B-9338-BC4F8E83DD65}.Debug|x64.Build.0 = Debug|x64
		{E654E155-F159-449B-9338-BC4F8E83DD65}.Debug|x86.ActiveCfg = Debug|Win32
		{E654E155-F159-449B-9338-BC4F8E83DD65}.Debug|x86.Build.0 = Debug|Win32
		{E654E155-F159-449B-9338-BC4F8E83DD65}.Release|x64.ActiveCfg = Release|x64
		{E654E155-F159-449B-9338-BC4F8E83DD65}.Release|x64.Build.0 = Release|x64
		{E654E155-F159-449B-9338-BC4F8E83DD65}.Release|x86.ActiveCfg = Release|Win32
		{E654E155-F159-449B-9338-BC4F8E83DD65}.Release|x86.Build.0 = Release|Win32
		{E654E155-F159-449B-9338-BC4F8E83DD65}.VisRun|x64.ActiveCfg = Release_Vis|x64
		{E654E155-F159-449B-9338-BC4F8E83DD65}.VisRun|x64.Build.0 = Release_Vis|x64
		{E654E155-F159-449B-9338-BC4F8E83DD65}.VisRun|x86.ActiveCfg = Release_Vis|Win32
		{E654E155-F159-449B-9338-BC4F8E83DD65}.VisRun|x86.Build.0 = Release_Vis|Win32
		{7008A713-D146-4C63-9C7E-65DD06F552C5}.Debug|x64.ActiveCfg = Debug|x64
		{7008A713-D146-4C63-9C7E-65DD06F552C5}.Debug|x64.Build.0 = Debug|x64
		{7008A713-D146-4C63-9C7E-65DD06F552C5}.Debug|x86.ActiveCfg = Debug|Win32
		{7008A713-D146-4C63-9C7E-65DD06F552C5}.Debug|x86.Build.0 = Debug|Win32
		{7008A713-D146-4C63-9C7E-65DD06F552C5}.Release|x64.ActiveCfg = Release|x64
		{7008A713-D146-4C63-9C7E-65DD06F552C5}.Release|x64.Build.0 = Release|x64
		{7008A713-D146-4C63-9C7E-65DD06F552C5}.Release|x86.ActiveCfg = Release|Win32
		{7008A713-D146-4C63-9C7E-65DD06F552C5}.Release|x86.Build.0 = Release|Win32
		{7008A713-D146-4C63-9C7E-65DD06F552C5}.VisRun|x64.ActiveCfg = Release_Vis|x64
		{7008A713-D146-4C63-9C7E-65DD06F552C5}.VisRun|x64.Build.0 = Release_Vis|x64
		{7008A713-D146-4C63-9C7E-65DD06F552C5}.VisRun|x86.ActiveCfg = Release_Vis|Win32
		{7008A713-D146-4C63-9C7E-65DD06F552C5}.VisRun|x86.Build.0 = Release_Vis|Win32
		{22845BC7-A803-4149-B9B0-D27A5463EB94}.Debug|x64.ActiveCfg = Debug|x64
		{22845BC7-A803-4149-B9B0-D27A5463EB94}.Debug|x64.Build.0 = Debug|x64
		{22845BC7-A803-4149-B9B0-D27A5463EB94}.Debug|x86.ActiveCfg = Debug|Win32
		{22845BC7-A803-4149-B9B0-D27A5463EB94}.Debug|x86.Build.0 = Debug|Win32
		{22845BC7-A803-4149-B9B0-D27A5463EB94}.Release|x64.ActiveCfg = Release|x64
		{22845BC7-A803-4149-B9B0-D27A5463EB94}.Release|x64.Build.0 = Release|x64
		{22845BC7-A803-4149-B9B0-D27A5463EB94}.Release|x86.ActiveCfg = Release|Win32
		{22845BC7-A803-4149-B9B0-D27A5463EB94}.Release|x86.Build.0 = Release|Win32
		{22845BC7-A803-4149-B9B0-D27A5463EB94}.VisRun|x64.ActiveCfg = Release_Vis|x64
		{22845BC7-A803-4149-B9B0-D27A5463EB94}.VisRun|x64.Build.0 = Release_Vis|x64
		{22845BC7-A803-4149-B9B0-D27A5463EB94}.VisRun|x86.ActiveCfg = Release_Vis|Win32
		{22845BC7-A803-4149-B9B0-D27A5463EB94}.VisRun|x86.Build.0 = Release_Vis|Win32
	EndGlobalSection
	GlobalSection(SolutionProperties) = preSolution
		HideSolutionNode = FALSE
	EndGlobalSection
	GlobalSection(ExtensibilityGlobals) = postSolution
		SolutionGuid = {B59A57A8-19F5-42D1-8651-1BA8A5B6BEB4}
	EndGlobalSection
EndGlobal
