<?xml version="1.0" encoding="utf-8"?>
<Project ToolsVersion="4.0" xmlns="http://schemas.microsoft.com/developer/msbuild/2003">
  <ItemGroup>
    <Filter Include="Файлы исходного кода">
      <UniqueIdentifier>{4FC737F1-C7A5-4376-A066-2A32D752A2FF}</UniqueIdentifier>
      <Extensions>cpp;c;cc;cxx;def;odl;idl;hpj;bat;asm;asmx</Extensions>
    </Filter>
    <Filter Include="Заголовочные файлы">
      <UniqueIdentifier>{93995380-89BD-4b04-88EB-625FBE52EBFB}</UniqueIdentifier>
      <Extensions>h;hh;hpp;hxx;hm;inl;inc;xsd</Extensions>
    </Filter>
    <Filter Include="Файлы ресурсов">
      <UniqueIdentifier>{67DA6AB6-F800-4c08-8B7A-83BB121AAD01}</UniqueIdentifier>
      <Extensions>rc;ico;cur;bmp;dlg;rc2;rct;bin;rgs;gif;jpg;jpeg;jpe;resx;tiff;tif;png;wav;mfcribbon-ms</Extensions>
    </Filter>
    <Filter Include="Файлы исходного кода\Distribution">
      <UniqueIdentifier>{48ec3c8d-6088-49d3-b41d-6d16dd98bee7}</UniqueIdentifier>
    </Filter>
    <Filter Include="Файлы исходного кода\GraphCall">
      <UniqueIdentifier>{1bf8fc74-f930-4eda-90df-d857cf8696a6}</UniqueIdentifier>
    </Filter>
    <Filter Include="Файлы исходного кода\GraphLoop">
      <UniqueIdentifier>{9fb056f3-c8d1-427d-a2f2-a8974c10cb3c}</UniqueIdentifier>
    </Filter>
    <Filter Include="Файлы исходного кода\LoopAnalyzer">
      <UniqueIdentifier>{ab4c74ba-1ff3-4d61-b416-4273c43ebd43}</UniqueIdentifier>
    </Filter>
    <Filter Include="Файлы исходного кода\DirectiveAnalyzer">
      <UniqueIdentifier>{f2649f66-5c91-4e52-a9ad-cdd578507906}</UniqueIdentifier>
    </Filter>
    <Filter Include="Файлы исходного кода\VerificationCode">
      <UniqueIdentifier>{bef8fe79-9cea-4637-bd14-871525b66914}</UniqueIdentifier>
    </Filter>
    <Filter Include="Файлы исходного кода\PrivateAnalyzer">
      <UniqueIdentifier>{7555bc8f-7ca0-483f-afc1-d1e85aab4d32}</UniqueIdentifier>
    </Filter>
    <Filter Include="Файлы исходного кода\ParallelizationRegions">
      <UniqueIdentifier>{f6496c18-040c-4db6-b4a8-4f2316a63375}</UniqueIdentifier>
    </Filter>
    <Filter Include="Файлы исходного кода\VisualizerCalls">
      <UniqueIdentifier>{1490a947-91cd-454f-9f02-3b5e3e613f45}</UniqueIdentifier>
    </Filter>
    <Filter Include="Файлы исходного кода\ExpressionTransform">
      <UniqueIdentifier>{8726a381-4b23-48f4-8473-9a4b43a38a9a}</UniqueIdentifier>
    </Filter>
    <Filter Include="Файлы исходного кода\SageExtensions">
      <UniqueIdentifier>{20451fc6-1c88-4adf-afd3-a07270cfd072}</UniqueIdentifier>
    </Filter>
    <Filter Include="Файлы исходного кода\SageExtensions\OmegaTest">
      <UniqueIdentifier>{655ca736-bd26-4e77-b22f-7d10bbc4f3c4}</UniqueIdentifier>
    </Filter>
    <Filter Include="Файлы исходного кода\Utils">
      <UniqueIdentifier>{a809578a-f5be-4f27-9fa5-fa4ec4af7355}</UniqueIdentifier>
    </Filter>
    <Filter Include="Файлы исходного кода\CodeConverter">
      <UniqueIdentifier>{0b376fe9-1401-4c81-aa82-b0ae2e4e67cd}</UniqueIdentifier>
    </Filter>
    <Filter Include="Файлы исходного кода\Predictor">
      <UniqueIdentifier>{0c9689db-d010-48bb-8713-b18fb43d45f4}</UniqueIdentifier>
    </Filter>
    <Filter Include="Файлы исходного кода\DynamicAnalysis">
      <UniqueIdentifier>{a82de782-3d7a-41af-ae52-17d2df316c89}</UniqueIdentifier>
    </Filter>
    <Filter Include="Файлы исходного кода\DvmhRegions">
      <UniqueIdentifier>{64beaa51-0198-4f14-8f9f-ecb4d6a0fc04}</UniqueIdentifier>
    </Filter>
    <Filter Include="Файлы исходного кода\Inliner">
      <UniqueIdentifier>{6adb59da-08fb-4506-a8b1-37527a084d54}</UniqueIdentifier>
    </Filter>
    <Filter Include="Файлы исходного кода\DEAR">
      <UniqueIdentifier>{9448c15c-2941-4027-9572-c93f1a6ff97b}</UniqueIdentifier>
    </Filter>
    <Filter Include="Файлы исходного кода\DEAR\Addons">
      <UniqueIdentifier>{4c0ba5aa-da18-46fc-bc1f-96911c5f9407}</UniqueIdentifier>
    </Filter>
    <Filter Include="Файлы исходного кода\DEAR\Addons\collection">
      <UniqueIdentifier>{755323a3-a0cd-4bb7-8702-85094f583d23}</UniqueIdentifier>
    </Filter>
    <Filter Include="Файлы исходного кода\DEAR\Addons\exception">
      <UniqueIdentifier>{228b9660-f2ca-4bc3-bd23-952073d6d2a6}</UniqueIdentifier>
    </Filter>
    <Filter Include="Файлы исходного кода\DEAR\Addons\expression">
      <UniqueIdentifier>{b5f073e9-d5ce-4f2a-8a1f-6d09758c68e5}</UniqueIdentifier>
    </Filter>
    <Filter Include="Файлы исходного кода\DEAR\Addons\math">
      <UniqueIdentifier>{ddca3615-cd4a-43be-9210-42fb7307e507}</UniqueIdentifier>
    </Filter>
    <Filter Include="Файлы исходного кода\DEAR\depAnalysis">
      <UniqueIdentifier>{f2245098-220c-4cb0-a16e-2ef87cf5e154}</UniqueIdentifier>
    </Filter>
    <Filter Include="Файлы исходного кода\DEAR\includes">
      <UniqueIdentifier>{cadd49f1-1b0b-4078-a9e7-5f1bfb163c9f}</UniqueIdentifier>
    </Filter>
    <Filter Include="Файлы исходного кода\CreateInterTree">
      <UniqueIdentifier>{72383499-db83-41ab-8b27-00e47ec455d8}</UniqueIdentifier>
    </Filter>
  </ItemGroup>
  <ItemGroup>
    <ClCompile Include="..\_src\Distribution\DvmhDirective.cpp">
      <Filter>Файлы исходного кода\Distribution</Filter>
    </ClCompile>
    <ClCompile Include="..\_src\GraphCall\graph_calls.cpp">
      <Filter>Файлы исходного кода\GraphCall</Filter>
    </ClCompile>
    <ClCompile Include="..\_src\GraphLoop\graph_loops.cpp">
      <Filter>Файлы исходного кода\GraphLoop</Filter>
    </ClCompile>
    <ClCompile Include="..\_src\LoopAnalyzer\loop_analyzer.cpp">
      <Filter>Файлы исходного кода\LoopAnalyzer</Filter>
    </ClCompile>
    <ClCompile Include="..\_src\DirectiveAnalyzer\DirectiveAnalyzer.cpp">
      <Filter>Файлы исходного кода\DirectiveAnalyzer</Filter>
    </ClCompile>
    <ClCompile Include="..\_src\VerificationCode\LoopChecker.cpp">
      <Filter>Файлы исходного кода\VerificationCode</Filter>
    </ClCompile>
    <ClCompile Include="..\_src\VerificationCode\IncludeChecker.cpp">
      <Filter>Файлы исходного кода\VerificationCode</Filter>
    </ClCompile>
    <ClCompile Include="..\_src\LoopAnalyzer\directive_creator.cpp">
      <Filter>Файлы исходного кода\LoopAnalyzer</Filter>
    </ClCompile>
    <ClCompile Include="..\_src\Distribution\CreateDistributionDirs.cpp">
      <Filter>Файлы исходного кода\Distribution</Filter>
    </ClCompile>
    <ClCompile Include="..\_src\LoopAnalyzer\insert_directive.cpp">
      <Filter>Файлы исходного кода\LoopAnalyzer</Filter>
    </ClCompile>
    <ClCompile Include="..\_src\LoopAnalyzer\spf_directive_preproc.cpp">
      <Filter>Файлы исходного кода\LoopAnalyzer</Filter>
    </ClCompile>
    <ClCompile Include="..\_src\VerificationCode\CorrectVarDecl.cpp">
      <Filter>Файлы исходного кода\VerificationCode</Filter>
    </ClCompile>
    <ClCompile Include="..\_src\LoopAnalyzer\allocations_prepoc.cpp">
      <Filter>Файлы исходного кода\LoopAnalyzer</Filter>
    </ClCompile>
    <ClCompile Include="..\..\..\..\dvm\fdvm\trunk\fdvm\acc_analyzer.cpp">
      <Filter>Файлы исходного кода\PrivateAnalyzer</Filter>
    </ClCompile>
    <ClCompile Include="..\..\..\..\dvm\fdvm\trunk\fdvm\acc_data.cpp">
      <Filter>Файлы исходного кода\PrivateAnalyzer</Filter>
    </ClCompile>
    <ClCompile Include="..\..\..\..\dvm\fdvm\trunk\fdvm\acc_utilities.cpp">
      <Filter>Файлы исходного кода\PrivateAnalyzer</Filter>
    </ClCompile>
    <ClCompile Include="..\_src\PrivateAnalyzer\private_analyzer.cpp">
      <Filter>Файлы исходного кода\PrivateAnalyzer</Filter>
    </ClCompile>
    <ClCompile Include="..\..\..\..\dvm\fdvm\trunk\fdvm\calls.cpp">
      <Filter>Файлы исходного кода\PrivateAnalyzer</Filter>
    </ClCompile>
    <ClCompile Include="..\_src\ParallelizationRegions\ParRegions.cpp">
      <Filter>Файлы исходного кода\ParallelizationRegions</Filter>
    </ClCompile>
    <ClCompile Include="..\_src\LoopConverter\enddo_loop_converter.cpp">
      <Filter>Файлы исходного кода\CodeConverter</Filter>
    </ClCompile>
    <ClCompile Include="..\_src\VisualizerCalls\get_information.cpp">
      <Filter>Файлы исходного кода\VisualizerCalls</Filter>
    </ClCompile>
    <ClCompile Include="..\_src\ExpressionTransform\expr_transform.cpp">
      <Filter>Файлы исходного кода\ExpressionTransform</Filter>
    </ClCompile>
    <ClCompile Include="..\_src\Distribution\Cycle.cpp">
      <Filter>Файлы исходного кода\Distribution</Filter>
    </ClCompile>
    <ClCompile Include="..\_src\Distribution\Distribution.cpp">
      <Filter>Файлы исходного кода\Distribution</Filter>
    </ClCompile>
    <ClCompile Include="..\_src\Distribution\GraphCSR.cpp">
      <Filter>Файлы исходного кода\Distribution</Filter>
    </ClCompile>
    <ClCompile Include="..\_src\SageAnalysisTool\annotationDriver.cpp">
      <Filter>Файлы исходного кода\SageExtensions</Filter>
    </ClCompile>
    <ClCompile Include="..\_src\SageAnalysisTool\arrayRef.cpp">
      <Filter>Файлы исходного кода\SageExtensions</Filter>
    </ClCompile>
    <ClCompile Include="..\_src\SageAnalysisTool\computeInducVar.cpp">
      <Filter>Файлы исходного кода\SageExtensions</Filter>
    </ClCompile>
    <ClCompile Include="..\_src\SageAnalysisTool\constanteProp.cpp">
      <Filter>Файлы исходного кода\SageExtensions</Filter>
    </ClCompile>
    <ClCompile Include="..\_src\SageAnalysisTool\controlFlow.cpp">
      <Filter>Файлы исходного кода\SageExtensions</Filter>
    </ClCompile>
    <ClCompile Include="..\_src\SageAnalysisTool\defUse.cpp">
      <Filter>Файлы исходного кода\SageExtensions</Filter>
    </ClCompile>
    <ClCompile Include="..\_src\SageAnalysisTool\dependence.cpp">
      <Filter>Файлы исходного кода\SageExtensions</Filter>
    </ClCompile>
    <ClCompile Include="..\_src\SageAnalysisTool\depGraph.cpp">
      <Filter>Файлы исходного кода\SageExtensions</Filter>
    </ClCompile>
    <ClCompile Include="..\_src\SageAnalysisTool\depInterface.cpp">
      <Filter>Файлы исходного кода\SageExtensions</Filter>
    </ClCompile>
    <ClCompile Include="..\_src\SageAnalysisTool\flowAnalysis.cpp">
      <Filter>Файлы исходного кода\SageExtensions</Filter>
    </ClCompile>
    <ClCompile Include="..\_src\SageAnalysisTool\intrinsic.cpp">
      <Filter>Файлы исходного кода\SageExtensions</Filter>
    </ClCompile>
    <ClCompile Include="..\_src\SageAnalysisTool\invariant.cpp">
      <Filter>Файлы исходного кода\SageExtensions</Filter>
    </ClCompile>
    <ClCompile Include="..\_src\SageAnalysisTool\loopTransform.cpp">
      <Filter>Файлы исходного кода\SageExtensions</Filter>
    </ClCompile>
    <ClCompile Include="..\_src\SageAnalysisTool\set.cpp">
      <Filter>Файлы исходного кода\SageExtensions</Filter>
    </ClCompile>
    <ClCompile Include="..\_src\LoopAnalyzer\dep_analyzer.cpp">
      <Filter>Файлы исходного кода\LoopAnalyzer</Filter>
    </ClCompile>
    <ClCompile Include="..\_src\LoopAnalyzer\remote_access.cpp">
      <Filter>Файлы исходного кода\LoopAnalyzer</Filter>
    </ClCompile>
    <ClCompile Include="..\_src\VerificationCode\VerifySageStructures.cpp">
      <Filter>Файлы исходного кода\VerificationCode</Filter>
    </ClCompile>
    <ClCompile Include="..\_src\LoopConverter\loop_transform.cpp">
      <Filter>Файлы исходного кода\CodeConverter</Filter>
    </ClCompile>
    <ClCompile Include="..\_src\Distribution\DvmhDirectiveBase.cpp">
      <Filter>Файлы исходного кода\Distribution</Filter>
    </ClCompile>
    <ClCompile Include="..\_src\GraphLoop\graph_loops_base.cpp">
      <Filter>Файлы исходного кода\GraphLoop</Filter>
    </ClCompile>
    <ClCompile Include="..\_src\LoopConverter\array_assign_to_loop.cpp">
      <Filter>Файлы исходного кода\CodeConverter</Filter>
    </ClCompile>
    <ClCompile Include="..\_src\Predictor\PredictScheme.cpp">
      <Filter>Файлы исходного кода\Predictor</Filter>
    </ClCompile>
    <ClCompile Include="..\_src\ParallelizationRegions\resolve_par_reg_conflicts.cpp">
      <Filter>Файлы исходного кода\CodeConverter</Filter>
    </ClCompile>
    <ClCompile Include="..\_src\Inliner\CopySubprogramBetweenFiles.cpp">
      <Filter>Файлы исходного кода\Inliner</Filter>
    </ClCompile>
    <ClCompile Include="..\_src\ExpressionTransform\control_flow_graph_part.cpp">
      <Filter>Файлы исходного кода\ExpressionTransform</Filter>
    </ClCompile>
    <ClCompile Include="..\_src\VisualizerCalls\SendMessage.cpp">
      <Filter>Файлы исходного кода\VisualizerCalls</Filter>
    </ClCompile>
    <ClCompile Include="..\_src\Utils\SgUtils.cpp">
      <Filter>Файлы исходного кода\Utils</Filter>
    </ClCompile>
    <ClCompile Include="..\_src\Utils\utils.cpp">
      <Filter>Файлы исходного кода\Utils</Filter>
    </ClCompile>
    <ClCompile Include="..\_src\LoopAnalyzer\directive_parser.cpp">
      <Filter>Файлы исходного кода\LoopAnalyzer</Filter>
    </ClCompile>
    <ClCompile Include="..\_src\Sapfor.cpp">
      <Filter>Файлы исходного кода</Filter>
    </ClCompile>
    <ClCompile Include="..\_src\LoopAnalyzer\shadow.cpp">
      <Filter>Файлы исходного кода\LoopAnalyzer</Filter>
    </ClCompile>
    <ClCompile Include="..\_src\Utils\BoostStackTrace.cpp">
      <Filter>Файлы исходного кода\Utils</Filter>
    </ClCompile>
    <ClCompile Include="..\_src\SageAnalysisTool\OmegaForSage\add-assert.cpp">
      <Filter>Файлы исходного кода\SageExtensions\OmegaTest</Filter>
    </ClCompile>
    <ClCompile Include="..\_src\SageAnalysisTool\OmegaForSage\affine.cpp">
      <Filter>Файлы исходного кода\SageExtensions\OmegaTest</Filter>
    </ClCompile>
    <ClCompile Include="..\_src\SageAnalysisTool\OmegaForSage\cover.cpp">
      <Filter>Файлы исходного кода\SageExtensions\OmegaTest</Filter>
    </ClCompile>
    <ClCompile Include="..\_src\SageAnalysisTool\OmegaForSage\ddomega.cpp">
      <Filter>Файлы исходного кода\SageExtensions\OmegaTest</Filter>
    </ClCompile>
    <ClCompile Include="..\_src\SageAnalysisTool\OmegaForSage\ddomega-build.cpp">
      <Filter>Файлы исходного кода\SageExtensions\OmegaTest</Filter>
    </ClCompile>
    <ClCompile Include="..\_src\SageAnalysisTool\OmegaForSage\ddomega-use.cpp">
      <Filter>Файлы исходного кода\SageExtensions\OmegaTest</Filter>
    </ClCompile>
    <ClCompile Include="..\_src\SageAnalysisTool\OmegaForSage\debug.cpp">
      <Filter>Файлы исходного кода\SageExtensions\OmegaTest</Filter>
    </ClCompile>
    <ClCompile Include="..\_src\SageAnalysisTool\OmegaForSage\ip.cpp">
      <Filter>Файлы исходного кода\SageExtensions\OmegaTest</Filter>
    </ClCompile>
    <ClCompile Include="..\_src\SageAnalysisTool\OmegaForSage\kill.cpp">
      <Filter>Файлы исходного кода\SageExtensions\OmegaTest</Filter>
    </ClCompile>
    <ClCompile Include="..\_src\SageAnalysisTool\OmegaForSage\refine.cpp">
      <Filter>Файлы исходного кода\SageExtensions\OmegaTest</Filter>
    </ClCompile>
    <ClCompile Include="..\_src\SageAnalysisTool\OmegaForSage\sagedriver.cpp">
      <Filter>Файлы исходного кода\SageExtensions\OmegaTest</Filter>
    </ClCompile>
    <ClCompile Include="..\_src\DEAR\help.cpp">
      <Filter>Файлы исходного кода\DEAR</Filter>
    </ClCompile>
    <ClCompile Include="..\_src\DEAR\additional\expression\cpp\expr_language.cpp">
      <Filter>Файлы исходного кода\DEAR\Addons\expression</Filter>
    </ClCompile>
    <ClCompile Include="..\_src\DEAR\additional\expression\cpp\operators.cpp">
      <Filter>Файлы исходного кода\DEAR\Addons\expression</Filter>
    </ClCompile>
    <ClCompile Include="..\_src\DEAR\dep_cpp\ivar_collection.cpp">
      <Filter>Файлы исходного кода\DEAR\depAnalysis</Filter>
    </ClCompile>
    <ClCompile Include="..\_src\DEAR\dep_cpp\memory_unit.cpp">
      <Filter>Файлы исходного кода\DEAR\depAnalysis</Filter>
    </ClCompile>
    <ClCompile Include="..\_src\DEAR\dep_cpp\pu_collection.cpp">
      <Filter>Файлы исходного кода\DEAR\depAnalysis</Filter>
    </ClCompile>
    <ClCompile Include="..\_src\DEAR\dep_cpp\pu_routine_call.cpp">
      <Filter>Файлы исходного кода\DEAR\depAnalysis</Filter>
    </ClCompile>
    <ClCompile Include="..\_src\DEAR\database.cpp">
      <Filter>Файлы исходного кода\DEAR</Filter>
    </ClCompile>
    <ClCompile Include="..\_src\DEAR\dep_analyzer_Kataev.cpp">
      <Filter>Файлы исходного кода\DEAR</Filter>
    </ClCompile>
    <ClCompile Include="..\_src\LoopConverter\private_arrays_breeder.cpp">
      <Filter>Файлы исходного кода\CodeConverter</Filter>
    </ClCompile>
    <ClCompile Include="..\_src\LoopConverter\loops_splitter.cpp">
      <Filter>Файлы исходного кода\CodeConverter</Filter>
    </ClCompile>
    <ClCompile Include="..\_src\CreateInterTree\CreateInterTree.cpp">
      <Filter>Файлы исходного кода\CreateInterTree</Filter>
    </ClCompile>
  </ItemGroup>
  <ItemGroup>
    <ClInclude Include="..\_src\Distribution\Array.h">
      <Filter>Файлы исходного кода\Distribution</Filter>
    </ClInclude>
    <ClInclude Include="..\_src\Distribution\Arrays.h">
      <Filter>Файлы исходного кода\Distribution</Filter>
    </ClInclude>
    <ClInclude Include="..\_src\Distribution\Cycle.h">
      <Filter>Файлы исходного кода\Distribution</Filter>
    </ClInclude>
    <ClInclude Include="..\_src\Distribution\Distribution.h">
      <Filter>Файлы исходного кода\Distribution</Filter>
    </ClInclude>
    <ClInclude Include="..\_src\Distribution\DvmhDirective.h">
      <Filter>Файлы исходного кода\Distribution</Filter>
    </ClInclude>
    <ClInclude Include="..\_src\Distribution\GraphCSR.h">
      <Filter>Файлы исходного кода\Distribution</Filter>
    </ClInclude>
    <ClInclude Include="..\_src\GraphCall\graph_calls.h">
      <Filter>Файлы исходного кода\GraphCall</Filter>
    </ClInclude>
    <ClInclude Include="..\_src\GraphLoop\graph_loops.h">
      <Filter>Файлы исходного кода\GraphLoop</Filter>
    </ClInclude>
    <ClInclude Include="..\_src\LoopAnalyzer\loop_analyzer.h">
      <Filter>Файлы исходного кода\LoopAnalyzer</Filter>
    </ClInclude>
    <ClInclude Include="resource.h">
      <Filter>Заголовочные файлы</Filter>
    </ClInclude>
    <ClInclude Include="..\_src\DirectiveAnalyzer\DirectiveAnalyzer.h">
      <Filter>Файлы исходного кода\DirectiveAnalyzer</Filter>
    </ClInclude>
    <ClInclude Include="..\_src\VerificationCode\verifications.h">
      <Filter>Файлы исходного кода\VerificationCode</Filter>
    </ClInclude>
    <ClInclude Include="..\_src\Distribution\CreateDistributionDirs.h">
      <Filter>Файлы исходного кода\Distribution</Filter>
    </ClInclude>
    <ClInclude Include="..\..\..\..\dvm\fdvm\trunk\include\acc_analyzer.h">
      <Filter>Файлы исходного кода\PrivateAnalyzer</Filter>
    </ClInclude>
    <ClInclude Include="..\_src\PrivateAnalyzer\private_analyzer.h">
      <Filter>Файлы исходного кода\PrivateAnalyzer</Filter>
    </ClInclude>
    <ClInclude Include="..\_src\ParallelizationRegions\ParRegions.h">
      <Filter>Файлы исходного кода\ParallelizationRegions</Filter>
    </ClInclude>
    <ClInclude Include="..\_src\LoopConverter\enddo_loop_converter.h">
      <Filter>Файлы исходного кода\CodeConverter</Filter>
    </ClInclude>
    <ClInclude Include="..\_src\VisualizerCalls\get_information.h">
      <Filter>Файлы исходного кода\VisualizerCalls</Filter>
    </ClInclude>
    <ClInclude Include="..\_src\ExpressionTransform\expr_transform.h">
      <Filter>Файлы исходного кода\ExpressionTransform</Filter>
    </ClInclude>
    <ClInclude Include="..\_src\LoopConverter\loop_transform.h">
      <Filter>Файлы исходного кода\CodeConverter</Filter>
    </ClInclude>
    <ClInclude Include="..\_src\GraphLoop\graph_loops_func.h">
      <Filter>Файлы исходного кода\GraphLoop</Filter>
    </ClInclude>
    <ClInclude Include="..\_src\GraphCall\graph_calls_func.h">
      <Filter>Файлы исходного кода\GraphCall</Filter>
    </ClInclude>
    <ClInclude Include="..\_src\ParallelizationRegions\ParRegions_func.h">
      <Filter>Файлы исходного кода\ParallelizationRegions</Filter>
    </ClInclude>
    <ClInclude Include="..\_src\Distribution\DvmhDirective_func.h">
      <Filter>Файлы исходного кода\Distribution</Filter>
    </ClInclude>
    <ClInclude Include="..\_src\Distribution\DvmhDirectiveBase.h">
      <Filter>Файлы исходного кода\Distribution</Filter>
    </ClInclude>
    <ClInclude Include="..\_src\SapforData.h">
      <Filter>Файлы исходного кода</Filter>
    </ClInclude>
    <ClInclude Include="..\_src\LoopConverter\array_assign_to_loop.h">
      <Filter>Файлы исходного кода\CodeConverter</Filter>
    </ClInclude>
    <ClInclude Include="..\_src\Predictor\PredictScheme.h">
      <Filter>Файлы исходного кода\Predictor</Filter>
    </ClInclude>
    <ClInclude Include="..\_src\ParallelizationRegions\resolve_par_reg_conflicts.h">
      <Filter>Файлы исходного кода\CodeConverter</Filter>
    </ClInclude>
    <ClInclude Include="..\_src\VisualizerCalls\SendMessage.h">
      <Filter>Файлы исходного кода\VisualizerCalls</Filter>
    </ClInclude>
    <ClInclude Include="..\_src\Utils\DefUseList.h">
      <Filter>Файлы исходного кода\Utils</Filter>
    </ClInclude>
    <ClInclude Include="..\_src\Utils\AstWrapper.h">
      <Filter>Файлы исходного кода\Utils</Filter>
    </ClInclude>
    <ClInclude Include="..\_src\Utils\errors.h">
      <Filter>Файлы исходного кода\Utils</Filter>
    </ClInclude>
    <ClInclude Include="..\_src\Utils\leak_detector.h">
      <Filter>Файлы исходного кода\Utils</Filter>
    </ClInclude>
    <ClInclude Include="..\_src\Utils\PassManager.h">
      <Filter>Файлы исходного кода\Utils</Filter>
    </ClInclude>
    <ClInclude Include="..\_src\Utils\SgUtils.h">
      <Filter>Файлы исходного кода\Utils</Filter>
    </ClInclude>
    <ClInclude Include="..\_src\Utils\types.h">
      <Filter>Файлы исходного кода\Utils</Filter>
    </ClInclude>
    <ClInclude Include="..\_src\Utils\utils.h">
      <Filter>Файлы исходного кода\Utils</Filter>
    </ClInclude>
    <ClInclude Include="..\_src\Utils\version.h">
      <Filter>Файлы исходного кода\Utils</Filter>
    </ClInclude>
    <ClInclude Include="..\_src\Utils\CommonBlock.h">
      <Filter>Файлы исходного кода\Utils</Filter>
    </ClInclude>
    <ClInclude Include="..\_src\LoopAnalyzer\directive_parser.h">
      <Filter>Файлы исходного кода\LoopAnalyzer</Filter>
    </ClInclude>
    <ClInclude Include="..\_src\Sapfor.h">
      <Filter>Файлы исходного кода</Filter>
    </ClInclude>
    <ClInclude Include="..\_src\Inliner\inliner.h">
      <Filter>Файлы исходного кода\Inliner</Filter>
    </ClInclude>
    <ClInclude Include="..\_src\LoopAnalyzer\shadow.h">
      <Filter>Файлы исходного кода\LoopAnalyzer</Filter>
    </ClInclude>
    <ClInclude Include="..\_src\DEAR\additional\macros.h">
      <Filter>Файлы исходного кода\DEAR\Addons</Filter>
    </ClInclude>
    <ClInclude Include="..\_src\DEAR\additional\object.h">
      <Filter>Файлы исходного кода\DEAR\Addons</Filter>
    </ClInclude>
    <ClInclude Include="..\_src\DEAR\additional\collection\coll_list_element.h">
      <Filter>Файлы исходного кода\DEAR\Addons\collection</Filter>
    </ClInclude>
    <ClInclude Include="..\_src\DEAR\additional\collection\collection.h">
      <Filter>Файлы исходного кода\DEAR\Addons\collection</Filter>
    </ClInclude>
    <ClInclude Include="..\_src\DEAR\additional\collection\collection_exception.h">
      <Filter>Файлы исходного кода\DEAR\Addons\collection</Filter>
    </ClInclude>
    <ClInclude Include="..\_src\DEAR\additional\exception\ex_new_mem_size.h">
      <Filter>Файлы исходного кода\DEAR\Addons\exception</Filter>
    </ClInclude>
    <ClInclude Include="..\_src\DEAR\additional\exception\ex_null_pointer.h">
      <Filter>Файлы исходного кода\DEAR\Addons\exception</Filter>
    </ClInclude>
    <ClInclude Include="..\_src\DEAR\additional\exception\ex_type_cast.h">
      <Filter>Файлы исходного кода\DEAR\Addons\exception</Filter>
    </ClInclude>
    <ClInclude Include="..\_src\DEAR\additional\exception\exception.h">
      <Filter>Файлы исходного кода\DEAR\Addons\exception</Filter>
    </ClInclude>
    <ClInclude Include="..\_src\DEAR\additional\exception\main_exception.h">
      <Filter>Файлы исходного кода\DEAR\Addons\exception</Filter>
    </ClInclude>
    <ClInclude Include="..\_src\DEAR\additional\expression\h\expr_exception.h">
      <Filter>Файлы исходного кода\DEAR\Addons\expression</Filter>
    </ClInclude>
    <ClInclude Include="..\_src\DEAR\additional\expression\h\expr_language.h">
      <Filter>Файлы исходного кода\DEAR\Addons\expression</Filter>
    </ClInclude>
    <ClInclude Include="..\_src\DEAR\additional\expression\h\expr_variable.h">
      <Filter>Файлы исходного кода\DEAR\Addons\expression</Filter>
    </ClInclude>
    <ClInclude Include="..\_src\DEAR\additional\expression\h\expression.h">
      <Filter>Файлы исходного кода\DEAR\Addons\expression</Filter>
    </ClInclude>
    <ClInclude Include="..\_src\DEAR\additional\expression\h\int_expression.h">
      <Filter>Файлы исходного кода\DEAR\Addons\expression</Filter>
    </ClInclude>
    <ClInclude Include="..\_src\DEAR\additional\expression\h\linear_expression.h">
      <Filter>Файлы исходного кода\DEAR\Addons\expression</Filter>
    </ClInclude>
    <ClInclude Include="..\_src\DEAR\additional\math\math_equations.h">
      <Filter>Файлы исходного кода\DEAR\Addons\math</Filter>
    </ClInclude>
    <ClInclude Include="..\_src\DEAR\additional\math\math_functions.h">
      <Filter>Файлы исходного кода\DEAR\Addons\math</Filter>
    </ClInclude>
    <ClInclude Include="..\_src\DEAR\additional\math\math_le_two_var.h">
      <Filter>Файлы исходного кода\DEAR\Addons\math</Filter>
    </ClInclude>
    <ClInclude Include="..\_src\DEAR\additional\math\math_le_two_var_1.h">
      <Filter>Файлы исходного кода\DEAR\Addons\math</Filter>
    </ClInclude>
    <ClInclude Include="..\_src\DEAR\additional\math\math_le_two_var_2.h">
      <Filter>Файлы исходного кода\DEAR\Addons\math</Filter>
    </ClInclude>
    <ClInclude Include="..\_src\DEAR\additional\math\math_sle_two_var.h">
      <Filter>Файлы исходного кода\DEAR\Addons\math</Filter>
    </ClInclude>
    <ClInclude Include="..\_src\DEAR\additional\math\math_slie_tv_param.h">
      <Filter>Файлы исходного кода\DEAR\Addons\math</Filter>
    </ClInclude>
    <ClInclude Include="..\_src\DEAR\dep_h\debug.h">
      <Filter>Файлы исходного кода\DEAR\includes</Filter>
    </ClInclude>
    <ClInclude Include="..\_src\DEAR\dep_h\isg_expression.h">
      <Filter>Файлы исходного кода\DEAR\includes</Filter>
    </ClInclude>
    <ClInclude Include="..\_src\DEAR\dep_h\loop_t_print.h">
      <Filter>Файлы исходного кода\DEAR\includes</Filter>
    </ClInclude>
    <ClInclude Include="..\_src\DEAR\dep_h\loop\coll_list.h">
      <Filter>Файлы исходного кода\DEAR\includes</Filter>
    </ClInclude>
    <ClInclude Include="..\_src\DEAR\dep_h\loop\index_variable.h">
      <Filter>Файлы исходного кода\DEAR\includes</Filter>
    </ClInclude>
    <ClInclude Include="..\_src\DEAR\dep_h\loop\ivar_collection.h">
      <Filter>Файлы исходного кода\DEAR\includes</Filter>
    </ClInclude>
    <ClInclude Include="..\_src\DEAR\dep_h\loop\program_unit.h">
      <Filter>Файлы исходного кода\DEAR\includes</Filter>
    </ClInclude>
    <ClInclude Include="..\_src\DEAR\dep_h\loop\pu_call_region.h">
      <Filter>Файлы исходного кода\DEAR\includes</Filter>
    </ClInclude>
    <ClInclude Include="..\_src\DEAR\dep_h\loop\pu_collection.h">
      <Filter>Файлы исходного кода\DEAR\includes</Filter>
    </ClInclude>
    <ClInclude Include="..\_src\DEAR\dep_h\loop\pu_file.h">
      <Filter>Файлы исходного кода\DEAR\includes</Filter>
    </ClInclude>
    <ClInclude Include="..\_src\DEAR\dep_h\loop\pu_r_call_collection.h">
      <Filter>Файлы исходного кода\DEAR\includes</Filter>
    </ClInclude>
    <ClInclude Include="..\_src\DEAR\dep_h\loop\pu_r_call_list.h">
      <Filter>Файлы исходного кода\DEAR\includes</Filter>
    </ClInclude>
    <ClInclude Include="..\_src\DEAR\dep_h\loop\pu_routine.h">
      <Filter>Файлы исходного кода\DEAR\includes</Filter>
    </ClInclude>
    <ClInclude Include="..\_src\DEAR\dep_h\loop\pu_routine_call.h">
      <Filter>Файлы исходного кода\DEAR\includes</Filter>
    </ClInclude>
    <ClInclude Include="..\_src\DEAR\dep_h\loop\tn_loops.h">
      <Filter>Файлы исходного кода\DEAR\includes</Filter>
    </ClInclude>
    <ClInclude Include="..\_src\DEAR\dep_h\loop\tnl_exception.h">
      <Filter>Файлы исходного кода\DEAR\includes</Filter>
    </ClInclude>
    <ClInclude Include="..\_src\DEAR\dep_h\loop\tnl_region_usage.h">
      <Filter>Файлы исходного кода\DEAR\includes</Filter>
    </ClInclude>
    <ClInclude Include="..\_src\DEAR\dep_h\loop\tnl_ru_collection.h">
      <Filter>Файлы исходного кода\DEAR\includes</Filter>
    </ClInclude>
    <ClInclude Include="..\_src\DEAR\dep_h\mu\memory_unit.h">
      <Filter>Файлы исходного кода\DEAR\includes</Filter>
    </ClInclude>
    <ClInclude Include="..\_src\DEAR\dep_h\mu\mu_array.h">
      <Filter>Файлы исходного кода\DEAR\includes</Filter>
    </ClInclude>
    <ClInclude Include="..\_src\DEAR\dep_h\mu\mu_array_usage.h">
      <Filter>Файлы исходного кода\DEAR\includes</Filter>
    </ClInclude>
    <ClInclude Include="..\_src\DEAR\dep_h\mu\mu_collection.h">
      <Filter>Файлы исходного кода\DEAR\includes</Filter>
    </ClInclude>
    <ClInclude Include="..\_src\DEAR\dep_h\mu\mu_dimension.h">
      <Filter>Файлы исходного кода\DEAR\includes</Filter>
    </ClInclude>
    <ClInclude Include="..\_src\DEAR\dep_h\mu\mu_exception.h">
      <Filter>Файлы исходного кода\DEAR\includes</Filter>
    </ClInclude>
    <ClInclude Include="..\_src\DEAR\dep_h\mu\mu_scalar.h">
      <Filter>Файлы исходного кода\DEAR\includes</Filter>
    </ClInclude>
    <ClInclude Include="..\_src\DEAR\dep_h\mu\mu_scalar_usage.h">
      <Filter>Файлы исходного кода\DEAR\includes</Filter>
    </ClInclude>
    <ClInclude Include="..\_src\DEAR\dep_h\mu\mu_usage.h">
      <Filter>Файлы исходного кода\DEAR\includes</Filter>
    </ClInclude>
    <ClInclude Include="..\_src\DEAR\dep_h\test\test.h">
      <Filter>Файлы исходного кода\DEAR\includes</Filter>
    </ClInclude>
    <ClInclude Include="..\_src\DEAR\dep_h\test\test_array_preproc.h">
      <Filter>Файлы исходного кода\DEAR\includes</Filter>
    </ClInclude>
    <ClInclude Include="..\_src\DEAR\dep_h\test\test_chain.h">
      <Filter>Файлы исходного кода\DEAR\includes</Filter>
    </ClInclude>
    <ClInclude Include="..\_src\DEAR\dep_h\test\test_controller.h">
      <Filter>Файлы исходного кода\DEAR\includes</Filter>
    </ClInclude>
    <ClInclude Include="..\_src\DEAR\dep_h\test\test_exception.h">
      <Filter>Файлы исходного кода\DEAR\includes</Filter>
    </ClInclude>
    <ClInclude Include="..\_src\DEAR\dep_h\test\test_index_info.h">
      <Filter>Файлы исходного кода\DEAR\includes</Filter>
    </ClInclude>
    <ClInclude Include="..\_src\DEAR\dep_h\test\test_scalar.h">
      <Filter>Файлы исходного кода\DEAR\includes</Filter>
    </ClInclude>
    <ClInclude Include="..\_src\DEAR\dep_h\test\test_status.h">
      <Filter>Файлы исходного кода\DEAR\includes</Filter>
    </ClInclude>
    <ClInclude Include="..\_src\DEAR\dep_h\test\test_tree_browse.h">
      <Filter>Файлы исходного кода\DEAR\includes</Filter>
    </ClInclude>
    <ClInclude Include="..\_src\DEAR\dep_h\test\test_usages.h">
      <Filter>Файлы исходного кода\DEAR\includes</Filter>
    </ClInclude>
    <ClInclude Include="..\_src\DEAR\dep_h\test\routine\test_r_arr_p.h">
      <Filter>Файлы исходного кода\DEAR\includes</Filter>
    </ClInclude>
    <ClInclude Include="..\_src\DEAR\dep_h\test\routine\test_usage_in_r.h">
      <Filter>Файлы исходного кода\DEAR\includes</Filter>
    </ClInclude>
    <ClInclude Include="..\_src\DEAR\dep_h\test\dependence\test_dep_cond.h">
      <Filter>Файлы исходного кода\DEAR\includes</Filter>
    </ClInclude>
    <ClInclude Include="..\_src\DEAR\dep_h\test\dependence\test_dep_cond_str.h">
      <Filter>Файлы исходного кода\DEAR\includes</Filter>
    </ClInclude>
    <ClInclude Include="..\_src\DEAR\dep_h\test\dependence\test_dep_info.h">
      <Filter>Файлы исходного кода\DEAR\includes</Filter>
    </ClInclude>
    <ClInclude Include="..\_src\DEAR\dep_h\test\dependence\test_dep_range_cond.h">
      <Filter>Файлы исходного кода\DEAR\includes</Filter>
    </ClInclude>
    <ClInclude Include="..\_src\DEAR\dep_h\test\dependence\test_dependence.h">
      <Filter>Файлы исходного кода\DEAR\includes</Filter>
    </ClInclude>
    <ClInclude Include="..\_src\DEAR\dep_h\test\dependence\test_dependence_1.h">
      <Filter>Файлы исходного кода\DEAR\includes</Filter>
    </ClInclude>
    <ClInclude Include="..\_src\DEAR\dep_h\test\dependence\test_info.h">
      <Filter>Файлы исходного кода\DEAR\includes</Filter>
    </ClInclude>
    <ClInclude Include="..\_src\DEAR\dep_h\test\array\math_gcd.h">
      <Filter>Файлы исходного кода\DEAR\includes</Filter>
    </ClInclude>
    <ClInclude Include="..\_src\DEAR\dep_h\test\array\test_gcd.h">
      <Filter>Файлы исходного кода\DEAR\includes</Filter>
    </ClInclude>
    <ClInclude Include="..\_src\DEAR\dep_h\test\array\test_i_const.h">
      <Filter>Файлы исходного кода\DEAR\includes</Filter>
    </ClInclude>
    <ClInclude Include="..\_src\DEAR\dep_h\test\array\test_i_linear2.h">
      <Filter>Файлы исходного кода\DEAR\includes</Filter>
    </ClInclude>
    <ClInclude Include="..\_src\DEAR\dep_h\test\array\test_il_2_cstep.h">
      <Filter>Файлы исходного кода\DEAR\includes</Filter>
    </ClInclude>
    <ClInclude Include="..\_src\DEAR\dep_h\test\array\test_index.h">
      <Filter>Файлы исходного кода\DEAR\includes</Filter>
    </ClInclude>
    <ClInclude Include="..\_src\DEAR\dep_h\test\array\test_read_only.h">
      <Filter>Файлы исходного кода\DEAR\includes</Filter>
    </ClInclude>
    <ClInclude Include="..\_src\DEAR\anl.h">
      <Filter>Файлы исходного кода\DEAR</Filter>
    </ClInclude>
    <ClInclude Include="..\_src\DEAR\dep_analyzer.h">
      <Filter>Файлы исходного кода\DEAR</Filter>
    </ClInclude>
    <ClInclude Include="..\_src\LoopConverter\private_arrays_breeder.h">
      <Filter>Файлы исходного кода\CodeConverter</Filter>
    </ClInclude>
    <ClInclude Include="..\_src\LoopConverter\loops_splitter.h">
      <Filter>Файлы исходного кода\CodeConverter</Filter>
    </ClInclude>
    <ClInclude Include="..\_src\CreateInterTree\CreateInterTree.h">
      <Filter>Файлы исходного кода\CreateInterTree</Filter>
    </ClInclude>
  </ItemGroup>
</Project>